
Microsoft Visual Studio Solution File, Format Version 12.00
# Visual Studio Version 17
VisualStudioVersion = 17.7.34202.233
MinimumVisualStudioVersion = 10.0.40219.1
Project("{FAE04EC0-301F-11D3-BF4B-00C04F79EFBC}") = "GestaoZoo", "GestaoZoo\GestaoZoo.csproj", "{08503928-F2E7-4C1E-9A7B-6273C37837B6}"
EndProject
Project("{FAE04EC0-301F-11D3-BF4B-00C04F79EFBC}") = "ZooDLL", "Animal\ZooDLL.csproj", "{155FEE7C-EE4C-4FFA-AE61-0988C4B03FD6}"
EndProject
Project("{FAE04EC0-301F-11D3-BF4B-00C04F79EFBC}") = "InterfaceDLL", "InterfaceDLL\InterfaceDLL.csproj", "{30143318-C115-4ECC-ACB0-EA715357A877}"
EndProject
Project("{FAE04EC0-301F-11D3-BF4B-00C04F79EFBC}") = "DadosDLL", "DadosDLL\DadosDLL.csproj", "{DC35F574-770E-41DF-AD66-078F0EECF009}"
EndProject
Global
	GlobalSection(SolutionConfigurationPlatforms) = preSolution
		Debug|Any CPU = Debug|Any CPU
		Release|Any CPU = Release|Any CPU
	EndGlobalSection
	GlobalSection(ProjectConfigurationPlatforms) = postSolution
		{08503928-F2E7-4C1E-9A7B-6273C37837B6}.Debug|Any CPU.ActiveCfg = Debug|Any CPU
		{08503928-F2E7-4C1E-9A7B-6273C37837B6}.Debug|Any CPU.Build.0 = Debug|Any CPU
		{08503928-F2E7-4C1E-9A7B-6273C37837B6}.Release|Any CPU.ActiveCfg = Release|Any CPU
		{08503928-F2E7-4C1E-9A7B-6273C37837B6}.Release|Any CPU.Build.0 = Release|Any CPU
		{155FEE7C-EE4C-4FFA-AE61-0988C4B03FD6}.Debug|Any CPU.ActiveCfg = Debug|Any CPU
		{155FEE7C-EE4C-4FFA-AE61-0988C4B03FD6}.Debug|Any CPU.Build.0 = Debug|Any CPU
		{155FEE7C-EE4C-4FFA-AE61-0988C4B03FD6}.Release|Any CPU.ActiveCfg = Release|Any CPU
		{155FEE7C-EE4C-4FFA-AE61-0988C4B03FD6}.Release|Any CPU.Build.0 = Release|Any CPU
		{30143318-C115-4ECC-ACB0-EA715357A877}.Debug|Any CPU.ActiveCfg = Debug|Any CPU
		{30143318-C115-4ECC-ACB0-EA715357A877}.Debug|Any CPU.Build.0 = Debug|Any CPU
		{30143318-C115-4ECC-ACB0-EA715357A877}.Release|Any CPU.ActiveCfg = Release|Any CPU
		{30143318-C115-4ECC-ACB0-EA715357A877}.Release|Any CPU.Build.0 = Release|Any CPU
		{DC35F574-770E-41DF-AD66-078F0EECF009}.Debug|Any CPU.ActiveCfg = Debug|Any CPU
		{DC35F574-770E-41DF-AD66-078F0EECF009}.Debug|Any CPU.Build.0 = Debug|Any CPU
		{DC35F574-770E-41DF-AD66-078F0EECF009}.Release|Any CPU.ActiveCfg = Release|Any CPU
		{DC35F574-770E-41DF-AD66-078F0EECF009}.Release|Any CPU.Build.0 = Release|Any CPU
	EndGlobalSection
	GlobalSection(SolutionProperties) = preSolution
		HideSolutionNode = FALSE
	EndGlobalSection
	GlobalSection(ExtensibilityGlobals) = postSolution
		SolutionGuid = {DB475C1B-73DF-4D13-9B58-5E8349B4CC0B}
	EndGlobalSection
EndGlobal
